
Microsoft Visual Studio Solution File, Format Version 12.00
# Visual Studio Version 17
VisualStudioVersion = 17.8.34525.116
MinimumVisualStudioVersion = 10.0.40219.1
Project("{FAE04EC0-301F-11D3-BF4B-00C04F79EFBC}") = "Laboratorio2", "Laboratorio2\Laboratorio2.csproj", "{502148A5-7018-4147-91A7-F3C0682A111E}"
EndProject
Global
	GlobalSection(SolutionConfigurationPlatforms) = preSolution
		Debug|Any CPU = Debug|Any CPU
		Release|Any CPU = Release|Any CPU
	EndGlobalSection
	GlobalSection(ProjectConfigurationPlatforms) = postSolution
		{502148A5-7018-4147-91A7-F3C0682A111E}.Debug|Any CPU.ActiveCfg = Debug|Any CPU
		{502148A5-7018-4147-91A7-F3C0682A111E}.Debug|Any CPU.Build.0 = Debug|Any CPU
		{502148A5-7018-4147-91A7-F3C0682A111E}.Release|Any CPU.ActiveCfg = Release|Any CPU
		{502148A5-7018-4147-91A7-F3C0682A111E}.Release|Any CPU.Build.0 = Release|Any CPU
	EndGlobalSection
	GlobalSection(SolutionProperties) = preSolution
		HideSolutionNode = FALSE
	EndGlobalSection
	GlobalSection(ExtensibilityGlobals) = postSolution
		SolutionGuid = {2335A490-6252-474F-91DA-571A780EBD93}
	EndGlobalSection
EndGlobal
